// !$*UTF8*$!
{
	archiveVersion = 1;
	classes = {
	};
	objectVersion = 77;
	objects = {

/* Begin PBXContainerItemProxy section */
		BBA8C8E62E33B88900953088 /* PBXContainerItemProxy */ = {
			isa = PBXContainerItemProxy;
			containerPortal = BBA8C8D02E33B88800953088 /* Project object */;
			proxyType = 1;
			remoteGlobalIDString = BBA8C8D72E33B88800953088;
			remoteInfo = AntiDebuggingApp;
		};
		BBA8C8F02E33B88900953088 /* PBXContainerItemProxy */ = {
			isa = PBXContainerItemProxy;
			containerPortal = BBA8C8D02E33B88800953088 /* Project object */;
			proxyType = 1;
			remoteGlobalIDString = BBA8C8D72E33B88800953088;
			remoteInfo = AntiDebuggingApp;
		};
/* End PBXContainerItemProxy section */

/* Begin PBXFileReference section */
		BBA8C8D82E33B88800953088 /* AntiDebuggingApp.app */ = {isa = PBXFileReference; explicitFileType = wrapper.application; includeInIndex = 0; path = AntiDebuggingApp.app; sourceTree = BUILT_PRODUCTS_DIR; };
		BBA8C8E52E33B88900953088 /* AntiDebuggingAppTests.xctest */ = {isa = PBXFileReference; explicitFileType = wrapper.cfbundle; includeInIndex = 0; path = AntiDebuggingAppTests.xctest; sourceTree = BUILT_PRODUCTS_DIR; };
		BBA8C8EF2E33B88900953088 /* AntiDebuggingAppUITests.xctest */ = {isa = PBXFileReference; explicitFileType = wrapper.cfbundle; includeInIndex = 0; path = AntiDebuggingAppUITests.xctest; sourceTree = BUILT_PRODUCTS_DIR; };
/* End PBXFileReference section */

/* Begin PBXFileSystemSynchronizedRootGroup section */
		BBA8C8DA2E33B88800953088 /* AntiDebuggingApp */ = {
			isa = PBXFileSystemSynchronizedRootGroup;
			path = AntiDebuggingApp;
			sourceTree = "<group>";
		};
		BBA8C8E82E33B88900953088 /* AntiDebuggingAppTests */ = {
			isa = PBXFileSystemSynchronizedRootGroup;
			path = AntiDebuggingAppTests;
			sourceTree = "<group>";
		};
		BBA8C8F22E33B88900953088 /* AntiDebuggingAppUITests */ = {
			isa = PBXFileSystemSynchronizedRootGroup;
			path = AntiDebuggingAppUITests;
			sourceTree = "<group>";
		};
/* End PBXFileSystemSynchronizedRootGroup section */

/* Begin PBXFrameworksBuildPhase section */
		BBA8C8D52E33B88800953088 /* Frameworks */ = {
			isa = PBXFrameworksBuildPhase;
			buildActionMask = 2147483647;
			files = (
			);
			runOnlyForDeploymentPostprocessing = 0;
		};
		BBA8C8E22E33B88900953088 /* Frameworks */ = {
			isa = PBXFrameworksBuildPhase;
			buildActionMask = 2147483647;
			files = (
			);
			runOnlyForDeploymentPostprocessing = 0;
		};
		BBA8C8EC2E33B88900953088 /* Frameworks */ = {
			isa = PBXFrameworksBuildPhase;
			buildActionMask = 2147483647;
			files = (
			);
			runOnlyForDeploymentPostprocessing = 0;
		};
/* End PBXFrameworksBuildPhase section */

/* Begin PBXGroup section */
		BBA8C8CF2E33B88800953088 = {
			isa = PBXGroup;
			children = (
				BBA8C8DA2E33B88800953088 /* AntiDebuggingApp */,
				BBA8C8E82E33B88900953088 /* AntiDebuggingAppTests */,
				BBA8C8F22E33B88900953088 /* AntiDebuggingAppUITests */,
				BBA8C8D92E33B88800953088 /* Products */,
			);
			sourceTree = "<group>";
		};
		BBA8C8D92E33B88800953088 /* Products */ = {
			isa = PBXGroup;
			children = (
				BBA8C8D82E33B88800953088 /* AntiDebuggingApp.app */,
				BBA8C8E52E33B88900953088 /* AntiDebuggingAppTests.xctest */,
				BBA8C8EF2E33B88900953088 /* AntiDebuggingAppUITests.xctest */,
			);
			name = Products;
			sourceTree = "<group>";
		};
/* End PBXGroup section */

/* Begin PBXNativeTarget section */
		BBA8C8D72E33B88800953088 /* AntiDebuggingApp */ = {
			isa = PBXNativeTarget;
			buildConfigurationList = BBA8C8F92E33B88900953088 /* Build configuration list for PBXNativeTarget "AntiDebuggingApp" */;
			buildPhases = (
				BBA8C8D42E33B88800953088 /* Sources */,
				BBA8C8D52E33B88800953088 /* Frameworks */,
				BBA8C8D62E33B88800953088 /* Resources */,
			);
			buildRules = (
			);
			dependencies = (
			);
			fileSystemSynchronizedGroups = (
				BBA8C8DA2E33B88800953088 /* AntiDebuggingApp */,
			);
			name = AntiDebuggingApp;
			packageProductDependencies = (
			);
			productName = AntiDebuggingApp;
			productReference = BBA8C8D82E33B88800953088 /* AntiDebuggingApp.app */;
			productType = "com.apple.product-type.application";
		};
		BBA8C8E42E33B88900953088 /* AntiDebuggingAppTests */ = {
			isa = PBXNativeTarget;
			buildConfigurationList = BBA8C8FC2E33B88900953088 /* Build configuration list for PBXNativeTarget "AntiDebuggingAppTests" */;
			buildPhases = (
				BBA8C8E12E33B88900953088 /* Sources */,
				BBA8C8E22E33B88900953088 /* Frameworks */,
				BBA8C8E32E33B88900953088 /* Resources */,
			);
			buildRules = (
			);
			dependencies = (
				BBA8C8E72E33B88900953088 /* PBXTargetDependency */,
			);
			fileSystemSynchronizedGroups = (
				BBA8C8E82E33B88900953088 /* AntiDebuggingAppTests */,
			);
			name = AntiDebuggingAppTests;
			packageProductDependencies = (
			);
			productName = AntiDebuggingAppTests;
			productReference = BBA8C8E52E33B88900953088 /* AntiDebuggingAppTests.xctest */;
			productType = "com.apple.product-type.bundle.unit-test";
		};
		BBA8C8EE2E33B88900953088 /* AntiDebuggingAppUITests */ = {
			isa = PBXNativeTarget;
			buildConfigurationList = BBA8C8FF2E33B88900953088 /* Build configuration list for PBXNativeTarget "AntiDebuggingAppUITests" */;
			buildPhases = (
				BBA8C8EB2E33B88900953088 /* Sources */,
				BBA8C8EC2E33B88900953088 /* Frameworks */,
				BBA8C8ED2E33B88900953088 /* Resources */,
			);
			buildRules = (
			);
			dependencies = (
				BBA8C8F12E33B88900953088 /* PBXTargetDependency */,
			);
			fileSystemSynchronizedGroups = (
				BBA8C8F22E33B88900953088 /* AntiDebuggingAppUITests */,
			);
			name = AntiDebuggingAppUITests;
			packageProductDependencies = (
			);
			productName = AntiDebuggingAppUITests;
			productReference = BBA8C8EF2E33B88900953088 /* AntiDebuggingAppUITests.xctest */;
			productType = "com.apple.product-type.bundle.ui-testing";
		};
/* End PBXNativeTarget section */

/* Begin PBXProject section */
		BBA8C8D02E33B88800953088 /* Project object */ = {
			isa = PBXProject;
			attributes = {
				BuildIndependentTargetsInParallel = 1;
				LastSwiftUpdateCheck = 1640;
				LastUpgradeCheck = 1640;
				TargetAttributes = {
					BBA8C8D72E33B88800953088 = {
						CreatedOnToolsVersion = 16.4;
						LastSwiftMigration = 1640;
					};
					BBA8C8E42E33B88900953088 = {
						CreatedOnToolsVersion = 16.4;
						TestTargetID = BBA8C8D72E33B88800953088;
					};
					BBA8C8EE2E33B88900953088 = {
						CreatedOnToolsVersion = 16.4;
						TestTargetID = BBA8C8D72E33B88800953088;
					};
				};
			};
			buildConfigurationList = BBA8C8D32E33B88800953088 /* Build configuration list for PBXProject "AntiDebuggingApp" */;
			developmentRegion = en;
			hasScannedForEncodings = 0;
			knownRegions = (
				en,
				Base,
			);
			mainGroup = BBA8C8CF2E33B88800953088;
			minimizedProjectReferenceProxies = 1;
			preferredProjectObjectVersion = 77;
			productRefGroup = BBA8C8D92E33B88800953088 /* Products */;
			projectDirPath = "";
			projectRoot = "";
			targets = (
				BBA8C8D72E33B88800953088 /* AntiDebuggingApp */,
				BBA8C8E42E33B88900953088 /* AntiDebuggingAppTests */,
				BBA8C8EE2E33B88900953088 /* AntiDebuggingAppUITests */,
			);
		};
/* End PBXProject section */

/* Begin PBXResourcesBuildPhase section */
		BBA8C8D62E33B88800953088 /* Resources */ = {
			isa = PBXResourcesBuildPhase;
			buildActionMask = 2147483647;
			files = (
			);
			runOnlyForDeploymentPostprocessing = 0;
		};
		BBA8C8E32E33B88900953088 /* Resources */ = {
			isa = PBXResourcesBuildPhase;
			buildActionMask = 2147483647;
			files = (
			);
			runOnlyForDeploymentPostprocessing = 0;
		};
		BBA8C8ED2E33B88900953088 /* Resources */ = {
			isa = PBXResourcesBuildPhase;
			buildActionMask = 2147483647;
			files = (
			);
			runOnlyForDeploymentPostprocessing = 0;
		};
/* End PBXResourcesBuildPhase section */

/* Begin PBXSourcesBuildPhase section */
		BBA8C8D42E33B88800953088 /* Sources */ = {
			isa = PBXSourcesBuildPhase;
			buildActionMask = 2147483647;
			files = (
			);
			runOnlyForDeploymentPostprocessing = 0;
		};
		BBA8C8E12E33B88900953088 /* Sources */ = {
			isa = PBXSourcesBuildPhase;
			buildActionMask = 2147483647;
			files = (
			);
			runOnlyForDeploymentPostprocessing = 0;
		};
		BBA8C8EB2E33B88900953088 /* Sources */ = {
			isa = PBXSourcesBuildPhase;
			buildActionMask = 2147483647;
			files = (
			);
			runOnlyForDeploymentPostprocessing = 0;
		};
/* End PBXSourcesBuildPhase section */

/* Begin PBXTargetDependency section */
		BBA8C8E72E33B88900953088 /* PBXTargetDependency */ = {
			isa = PBXTargetDependency;
			target = BBA8C8D72E33B88800953088 /* AntiDebuggingApp */;
			targetProxy = BBA8C8E62E33B88900953088 /* PBXContainerItemProxy */;
		};
		BBA8C8F12E33B88900953088 /* PBXTargetDependency */ = {
			isa = PBXTargetDependency;
			target = BBA8C8D72E33B88800953088 /* AntiDebuggingApp */;
			targetProxy = BBA8C8F02E33B88900953088 /* PBXContainerItemProxy */;
		};
/* End PBXTargetDependency section */

/* Begin XCBuildConfiguration section */
		BBA8C8F72E33B88900953088 /* Debug */ = {
			isa = XCBuildConfiguration;
			buildSettings = {
				ALWAYS_SEARCH_USER_PATHS = NO;
				ASSETCATALOG_COMPILER_GENERATE_SWIFT_ASSET_SYMBOL_EXTENSIONS = YES;
				CLANG_ANALYZER_NONNULL = YES;
				CLANG_ANALYZER_NUMBER_OBJECT_CONVERSION = YES_AGGRESSIVE;
				CLANG_CXX_LANGUAGE_STANDARD = "gnu++20";
				CLANG_ENABLE_MODULES = YES;
				CLANG_ENABLE_OBJC_ARC = YES;
				CLANG_ENABLE_OBJC_WEAK = YES;
				CLANG_WARN_BLOCK_CAPTURE_AUTORELEASING = YES;
				CLANG_WARN_BOOL_CONVERSION = YES;
				CLANG_WARN_COMMA = YES;
				CLANG_WARN_CONSTANT_CONVERSION = YES;
				CLANG_WARN_DEPRECATED_OBJC_IMPLEMENTATIONS = YES;
				CLANG_WARN_DIRECT_OBJC_ISA_USAGE = YES_ERROR;
				CLANG_WARN_DOCUMENTATION_COMMENTS = YES;
				CLANG_WARN_EMPTY_BODY = YES;
				CLANG_WARN_ENUM_CONVERSION = YES;
				CLANG_WARN_INFINITE_RECURSION = YES;
				CLANG_WARN_INT_CONVERSION = YES;
				CLANG_WARN_NON_LITERAL_NULL_CONVERSION = YES;
				CLANG_WARN_OBJC_IMPLICIT_RETAIN_SELF = YES;
				CLANG_WARN_OBJC_LITERAL_CONVERSION = YES;
				CLANG_WARN_OBJC_ROOT_CLASS = YES_ERROR;
				CLANG_WARN_QUOTED_INCLUDE_IN_FRAMEWORK_HEADER = YES;
				CLANG_WARN_RANGE_LOOP_ANALYSIS = YES;
				CLANG_WARN_STRICT_PROTOTYPES = YES;
				CLANG_WARN_SUSPICIOUS_MOVE = YES;
				CLANG_WARN_UNGUARDED_AVAILABILITY = YES_AGGRESSIVE;
				CLANG_WARN_UNREACHABLE_CODE = YES;
				CLANG_WARN__DUPLICATE_METHOD_MATCH = YES;
				COPY_PHASE_STRIP = NO;
				DEBUG_INFORMATION_FORMAT = dwarf;
				DEVELOPMENT_TEAM = GV225SWC23;
				ENABLE_STRICT_OBJC_MSGSEND = YES;
				ENABLE_TESTABILITY = YES;
				ENABLE_USER_SCRIPT_SANDBOXING = YES;
				GCC_C_LANGUAGE_STANDARD = gnu17;
				GCC_DYNAMIC_NO_PIC = NO;
				GCC_NO_COMMON_BLOCKS = YES;
				GCC_OPTIMIZATION_LEVEL = 0;
				GCC_PREPROCESSOR_DEFINITIONS = (
					"DEBUG=1",
					"$(inherited)",
				);
				GCC_WARN_64_TO_32_BIT_CONVERSION = YES;
				GCC_WARN_ABOUT_RETURN_TYPE = YES_ERROR;
				GCC_WARN_UNDECLARED_SELECTOR = YES;
				GCC_WARN_UNINITIALIZED_AUTOS = YES_AGGRESSIVE;
				GCC_WARN_UNUSED_FUNCTION = YES;
				GCC_WARN_UNUSED_VARIABLE = YES;
				IPHONEOS_DEPLOYMENT_TARGET = 18.5;
				LOCALIZATION_PREFERS_STRING_CATALOGS = YES;
				MTL_ENABLE_DEBUG_INFO = INCLUDE_SOURCE;
				MTL_FAST_MATH = YES;
				ONLY_ACTIVE_ARCH = YES;
				SDKROOT = iphoneos;
				SWIFT_ACTIVE_COMPILATION_CONDITIONS = "DEBUG $(inherited)";
				SWIFT_OPTIMIZATION_LEVEL = "-Onone";
			};
			name = Debug;
		};
		BBA8C8F82E33B88900953088 /* Release */ = {
			isa = XCBuildConfiguration;
			buildSettings = {
				ALWAYS_SEARCH_USER_PATHS = NO;
				ASSETCATALOG_COMPILER_GENERATE_SWIFT_ASSET_SYMBOL_EXTENSIONS = YES;
				CLANG_ANALYZER_NONNULL = YES;
				CLANG_ANALYZER_NUMBER_OBJECT_CONVERSION = YES_AGGRESSIVE;
				CLANG_CXX_LANGUAGE_STANDARD = "gnu++20";
				CLANG_ENABLE_MODULES = YES;
				CLANG_ENABLE_OBJC_ARC = YES;
				CLANG_ENABLE_OBJC_WEAK = YES;
				CLANG_WARN_BLOCK_CAPTURE_AUTORELEASING = YES;
				CLANG_WARN_BOOL_CONVERSION = YES;
				CLANG_WARN_COMMA = YES;
				CLANG_WARN_CONSTANT_CONVERSION = YES;
				CLANG_WARN_DEPRECATED_OBJC_IMPLEMENTATIONS = YES;
				CLANG_WARN_DIRECT_OBJC_ISA_USAGE = YES_ERROR;
				CLANG_WARN_DOCUMENTATION_COMMENTS = YES;
				CLANG_WARN_EMPTY_BODY = YES;
				CLANG_WARN_ENUM_CONVERSION = YES;
				CLANG_WARN_INFINITE_RECURSION = YES;
				CLANG_WARN_INT_CONVERSION = YES;
				CLANG_WARN_NON_LITERAL_NULL_CONVERSION = YES;
				CLANG_WARN_OBJC_IMPLICIT_RETAIN_SELF = YES;
				CLANG_WARN_OBJC_LITERAL_CONVERSION = YES;
				CLANG_WARN_OBJC_ROOT_CLASS = YES_ERROR;
				CLANG_WARN_QUOTED_INCLUDE_IN_FRAMEWORK_HEADER = YES;
				CLANG_WARN_RANGE_LOOP_ANALYSIS = YES;
				CLANG_WARN_STRICT_PROTOTYPES = YES;
				CLANG_WARN_SUSPICIOUS_MOVE = YES;
				CLANG_WARN_UNGUARDED_AVAILABILITY = YES_AGGRESSIVE;
				CLANG_WARN_UNREACHABLE_CODE = YES;
				CLANG_WARN__DUPLICATE_METHOD_MATCH = YES;
				COPY_PHASE_STRIP = NO;
				DEBUG_INFORMATION_FORMAT = "dwarf-with-dsym";
				DEVELOPMENT_TEAM = GV225SWC23;
				ENABLE_NS_ASSERTIONS = NO;
				ENABLE_STRICT_OBJC_MSGSEND = YES;
				ENABLE_USER_SCRIPT_SANDBOXING = YES;
				GCC_C_LANGUAGE_STANDARD = gnu17;
				GCC_NO_COMMON_BLOCKS = YES;
				GCC_WARN_64_TO_32_BIT_CONVERSION = YES;
				GCC_WARN_ABOUT_RETURN_TYPE = YES_ERROR;
				GCC_WARN_UNDECLARED_SELECTOR = YES;
				GCC_WARN_UNINITIALIZED_AUTOS = YES_AGGRESSIVE;
				GCC_WARN_UNUSED_FUNCTION = YES;
				GCC_WARN_UNUSED_VARIABLE = YES;
				IPHONEOS_DEPLOYMENT_TARGET = 18.5;
				LOCALIZATION_PREFERS_STRING_CATALOGS = YES;
				MTL_ENABLE_DEBUG_INFO = NO;
				MTL_FAST_MATH = YES;
				SDKROOT = iphoneos;
				SWIFT_COMPILATION_MODE = wholemodule;
				VALIDATE_PRODUCT = YES;
			};
			name = Release;
		};
		BBA8C8FA2E33B88900953088 /* Debug */ = {
			isa = XCBuildConfiguration;
			buildSettings = {
				ASSETCATALOG_COMPILER_APPICON_NAME = AppIcon;
				ASSETCATALOG_COMPILER_GLOBAL_ACCENT_COLOR_NAME = AccentColor;
				CLANG_ENABLE_MODULES = YES;
				CODE_SIGN_STYLE = Automatic;
				CURRENT_PROJECT_VERSION = 1;
				DEVELOPMENT_TEAM = GV225SWC23;
				ENABLE_PREVIEWS = YES;
				GENERATE_INFOPLIST_FILE = YES;
				INFOPLIST_KEY_UIApplicationSceneManifest_Generation = YES;
				INFOPLIST_KEY_UIApplicationSupportsIndirectInputEvents = YES;
				INFOPLIST_KEY_UILaunchScreen_Generation = YES;
				INFOPLIST_KEY_UISupportedInterfaceOrientations_iPad = "UIInterfaceOrientationPortrait UIInterfaceOrientationPortraitUpsideDown UIInterfaceOrientationLandscapeLeft UIInterfaceOrientationLandscapeRight";
				INFOPLIST_KEY_UISupportedInterfaceOrientations_iPhone = "UIInterfaceOrientationPortrait UIInterfaceOrientationLandscapeLeft UIInterfaceOrientationLandscapeRight";
				IPHONEOS_DEPLOYMENT_TARGET = 16.6;
				LD_RUNPATH_SEARCH_PATHS = (
					"$(inherited)",
					"@executable_path/Frameworks",
				);
				MARKETING_VERSION = 1.0;
				PRODUCT_BUNDLE_IDENTIFIER = org.ysjungtest.AntiDebuggingApp;
				PRODUCT_NAME = "$(TARGET_NAME)";
				SWIFT_EMIT_LOC_STRINGS = YES;
				SWIFT_OBJC_BRIDGING_HEADER = "AntiDebuggingApp/AntiDebuggingApp-Bridging-Header.h";
				SWIFT_OPTIMIZATION_LEVEL = "-Onone";
				SWIFT_VERSION = 5.0;
				TARGETED_DEVICE_FAMILY = "1,2";
			};
			name = Debug;
		};
		BBA8C8FB2E33B88900953088 /* Release */ = {
			isa = XCBuildConfiguration;
			buildSettings = {
				ASSETCATALOG_COMPILER_APPICON_NAME = AppIcon;
				ASSETCATALOG_COMPILER_GLOBAL_ACCENT_COLOR_NAME = AccentColor;
				CLANG_ENABLE_MODULES = YES;
				CODE_SIGN_STYLE = Automatic;
				CURRENT_PROJECT_VERSION = 1;
				DEVELOPMENT_TEAM = GV225SWC23;
				ENABLE_PREVIEWS = YES;
				GENERATE_INFOPLIST_FILE = YES;
				INFOPLIST_KEY_UIApplicationSceneManifest_Generation = YES;
				INFOPLIST_KEY_UIApplicationSupportsIndirectInputEvents = YES;
				INFOPLIST_KEY_UILaunchScreen_Generation = YES;
				INFOPLIST_KEY_UISupportedInterfaceOrientations_iPad = "UIInterfaceOrientationPortrait UIInterfaceOrientationPortraitUpsideDown UIInterfaceOrientationLandscapeLeft UIInterfaceOrientationLandscapeRight";
				INFOPLIST_KEY_UISupportedInterfaceOrientations_iPhone = "UIInterfaceOrientationPortrait UIInterfaceOrientationLandscapeLeft UIInterfaceOrientationLandscapeRight";
				IPHONEOS_DEPLOYMENT_TARGET = 16.6;
				LD_RUNPATH_SEARCH_PATHS = (
					"$(inherited)",
					"@executable_path/Frameworks",
				);
				MARKETING_VERSION = 1.0;
				PRODUCT_BUNDLE_IDENTIFIER = org.ysjungtest.AntiDebuggingApp;
				PRODUCT_NAME = "$(TARGET_NAME)";
				SWIFT_EMIT_LOC_STRINGS = YES;
				SWIFT_OBJC_BRIDGING_HEADER = "AntiDebuggingApp/AntiDebuggingApp-Bridging-Header.h";
				SWIFT_VERSION = 5.0;
				TARGETED_DEVICE_FAMILY = "1,2";
			};
			name = Release;
		};
		BBA8C8FD2E33B88900953088 /* Debug */ = {
			isa = XCBuildConfiguration;
			buildSettings = {
				BUNDLE_LOADER = "$(TEST_HOST)";
				CODE_SIGN_STYLE = Automatic;
				CURRENT_PROJECT_VERSION = 1;
				DEVELOPMENT_TEAM = GV225SWC23;
				GENERATE_INFOPLIST_FILE = YES;
				IPHONEOS_DEPLOYMENT_TARGET = 18.5;
				MARKETING_VERSION = 1.0;
				PRODUCT_BUNDLE_IDENTIFIER = org.ysjungtest.AntiDebuggingAppTests;
				PRODUCT_NAME = "$(TARGET_NAME)";
				SWIFT_EMIT_LOC_STRINGS = NO;
				SWIFT_VERSION = 5.0;
				TARGETED_DEVICE_FAMILY = "1,2";
				TEST_HOST = "$(BUILT_PRODUCTS_DIR)/AntiDebuggingApp.app/$(BUNDLE_EXECUTABLE_FOLDER_PATH)/AntiDebuggingApp";
			};
			name = Debug;
		};
		BBA8C8FE2E33B88900953088 /* Release */ = {
			isa = XCBuildConfiguration;
			buildSettings = {
				BUNDLE_LOADER = "$(TEST_HOST)";
				CODE_SIGN_STYLE = Automatic;
				CURRENT_PROJECT_VERSION = 1;
				DEVELOPMENT_TEAM = GV225SWC23;
				GENERATE_INFOPLIST_FILE = YES;
				IPHONEOS_DEPLOYMENT_TARGET = 18.5;
				MARKETING_VERSION = 1.0;
				PRODUCT_BUNDLE_IDENTIFIER = org.ysjungtest.AntiDebuggingAppTests;
				PRODUCT_NAME = "$(TARGET_NAME)";
				SWIFT_EMIT_LOC_STRINGS = NO;
				SWIFT_VERSION = 5.0;
				TARGETED_DEVICE_FAMILY = "1,2";
				TEST_HOST = "$(BUILT_PRODUCTS_DIR)/AntiDebuggingApp.app/$(BUNDLE_EXECUTABLE_FOLDER_PATH)/AntiDebuggingApp";
			};
			name = Release;
		};
		BBA8C9002E33B88900953088 /* Debug */ = {
			isa = XCBuildConfiguration;
			buildSettings = {
				CODE_SIGN_STYLE = Automatic;
				CURRENT_PROJECT_VERSION = 1;
				DEVELOPMENT_TEAM = GV225SWC23;
				GENERATE_INFOPLIST_FILE = YES;
				MARKETING_VERSION = 1.0;
				PRODUCT_BUNDLE_IDENTIFIER = org.ysjungtest.AntiDebuggingAppUITests;
				PRODUCT_NAME = "$(TARGET_NAME)";
				SWIFT_EMIT_LOC_STRINGS = NO;
				SWIFT_VERSION = 5.0;
				TARGETED_DEVICE_FAMILY = "1,2";
				TEST_TARGET_NAME = AntiDebuggingApp;
			};
			name = Debug;
		};
		BBA8C9012E33B88900953088 /* Release */ = {
			isa = XCBuildConfiguration;
			buildSettings = {
				CODE_SIGN_STYLE = Automatic;
				CURRENT_PROJECT_VERSION = 1;
				DEVELOPMENT_TEAM = GV225SWC23;
				GENERATE_INFOPLIST_FILE = YES;
				MARKETING_VERSION = 1.0;
				PRODUCT_BUNDLE_IDENTIFIER = org.ysjungtest.AntiDebuggingAppUITests;
				PRODUCT_NAME = "$(TARGET_NAME)";
				SWIFT_EMIT_LOC_STRINGS = NO;
				SWIFT_VERSION = 5.0;
				TARGETED_DEVICE_FAMILY = "1,2";
				TEST_TARGET_NAME = AntiDebuggingApp;
			};
			name = Release;
		};
/* End XCBuildConfiguration section */

/* Begin XCConfigurationList section */
		BBA8C8D32E33B88800953088 /* Build configuration list for PBXProject "AntiDebuggingApp" */ = {
			isa = XCConfigurationList;
			buildConfigurations = (
				BBA8C8F72E33B88900953088 /* Debug */,
				BBA8C8F82E33B88900953088 /* Release */,
			);
			defaultConfigurationIsVisible = 0;
			defaultConfigurationName = Release;
		};
		BBA8C8F92E33B88900953088 /* Build configuration list for PBXNativeTarget "AntiDebuggingApp" */ = {
			isa = XCConfigurationList;
			buildConfigurations = (
				BBA8C8FA2E33B88900953088 /* Debug */,
				BBA8C8FB2E33B88900953088 /* Release */,
			);
			defaultConfigurationIsVisible = 0;
			defaultConfigurationName = Release;
		};
		BBA8C8FC2E33B88900953088 /* Build configuration list for PBXNativeTarget "AntiDebuggingAppTests" */ = {
			isa = XCConfigurationList;
			buildConfigurations = (
				BBA8C8FD2E33B88900953088 /* Debug */,
				BBA8C8FE2E33B88900953088 /* Release */,
			);
			defaultConfigurationIsVisible = 0;
			defaultConfigurationName = Release;
		};
		BBA8C8FF2E33B88900953088 /* Build configuration list for PBXNativeTarget "AntiDebuggingAppUITests" */ = {
			isa = XCConfigurationList;
			buildConfigurations = (
				BBA8C9002E33B88900953088 /* Debug */,
				BBA8C9012E33B88900953088 /* Release */,
			);
			defaultConfigurationIsVisible = 0;
			defaultConfigurationName = Release;
		};
/* End XCConfigurationList section */
	};
	rootObject = BBA8C8D02E33B88800953088 /* Project object */;
}
